
Microsoft Visual Studio Solution File, Format Version 12.00
Project("{FAE04EC0-301F-11D3-BF4B-00C04F79EFBC}") = "AllWeKnow", "AllWeKnow.csproj", "{A1D9DF9E-964A-4B0F-A58F-177AA2E06BBB}"
EndProject
Global
	GlobalSection(SolutionConfigurationPlatforms) = preSolution
		Debug|Any CPU = Debug|Any CPU
		Release|Any CPU = Release|Any CPU
	EndGlobalSection
	GlobalSection(ProjectConfigurationPlatforms) = postSolution
		{A1D9DF9E-964A-4B0F-A58F-177AA2E06BBB}.Debug|Any CPU.ActiveCfg = Debug|Any CPU
		{A1D9DF9E-964A-4B0F-A58F-177AA2E06BBB}.Debug|Any CPU.Build.0 = Debug|Any CPU
		{A1D9DF9E-964A-4B0F-A58F-177AA2E06BBB}.Release|Any CPU.ActiveCfg = Release|Any CPU
		{A1D9DF9E-964A-4B0F-A58F-177AA2E06BBB}.Release|Any CPU.Build.0 = Release|Any CPU
	EndGlobalSection
EndGlobal
